// !$*UTF8*$!
{
	archiveVersion = 1;
	classes = {
	};
	objectVersion = 56;
	objects = {

/* Begin PBXBuildFile section */
		E15AAB2B2A23814D009EF222 /* AppDelegate.swift in Sources */ = {isa = PBXBuildFile; fileRef = E15AAB2A2A23814D009EF222 /* AppDelegate.swift */; };
		E15AAB2D2A23814D009EF222 /* SceneDelegate.swift in Sources */ = {isa = PBXBuildFile; fileRef = E15AAB2C2A23814D009EF222 /* SceneDelegate.swift */; };
		E15AAB2F2A23814D009EF222 /* ViewController.swift in Sources */ = {isa = PBXBuildFile; fileRef = E15AAB2E2A23814D009EF222 /* ViewController.swift */; };
		E15AAB322A23814D009EF222 /* Main.storyboard in Resources */ = {isa = PBXBuildFile; fileRef = E15AAB302A23814D009EF222 /* Main.storyboard */; };
		E15AAB342A23814E009EF222 /* Assets.xcassets in Resources */ = {isa = PBXBuildFile; fileRef = E15AAB332A23814E009EF222 /* Assets.xcassets */; };
		E15AAB372A23814E009EF222 /* LaunchScreen.storyboard in Resources */ = {isa = PBXBuildFile; fileRef = E15AAB352A23814E009EF222 /* LaunchScreen.storyboard */; };
		E15AAB3F2A238354009EF222 /* CryptoTableViewCell.swift in Sources */ = {isa = PBXBuildFile; fileRef = E15AAB3E2A238354009EF222 /* CryptoTableViewCell.swift */; };
		E15AAB462A238588009EF222 /* CryptoCurrency.swift in Sources */ = {isa = PBXBuildFile; fileRef = E15AAB452A238588009EF222 /* CryptoCurrency.swift */; };
		E15AAB482A238A0C009EF222 /* Webservice.swift in Sources */ = {isa = PBXBuildFile; fileRef = E15AAB472A238A0C009EF222 /* Webservice.swift */; };
		E1ADEF9F2A25FD6200A49DDF /* CryptoViewModel.swift in Sources */ = {isa = PBXBuildFile; fileRef = E1ADEF9E2A25FD6200A49DDF /* CryptoViewModel.swift */; };
/* End PBXBuildFile section */

/* Begin PBXFileReference section */
		E15AAB272A23814D009EF222 /* CryptoCrazyMVVM.app */ = {isa = PBXFileReference; explicitFileType = wrapper.application; includeInIndex = 0; path = CryptoCrazyMVVM.app; sourceTree = BUILT_PRODUCTS_DIR; };
		E15AAB2A2A23814D009EF222 /* AppDelegate.swift */ = {isa = PBXFileReference; lastKnownFileType = sourcecode.swift; path = AppDelegate.swift; sourceTree = "<group>"; };
		E15AAB2C2A23814D009EF222 /* SceneDelegate.swift */ = {isa = PBXFileReference; lastKnownFileType = sourcecode.swift; path = SceneDelegate.swift; sourceTree = "<group>"; };
		E15AAB2E2A23814D009EF222 /* ViewController.swift */ = {isa = PBXFileReference; lastKnownFileType = sourcecode.swift; path = ViewController.swift; sourceTree = "<group>"; };
		E15AAB312A23814D009EF222 /* Base */ = {isa = PBXFileReference; lastKnownFileType = file.storyboard; name = Base; path = Base.lproj/Main.storyboard; sourceTree = "<group>"; };
		E15AAB332A23814E009EF222 /* Assets.xcassets */ = {isa = PBXFileReference; lastKnownFileType = folder.assetcatalog; path = Assets.xcassets; sourceTree = "<group>"; };
		E15AAB362A23814E009EF222 /* Base */ = {isa = PBXFileReference; lastKnownFileType = file.storyboard; name = Base; path = Base.lproj/LaunchScreen.storyboard; sourceTree = "<group>"; };
		E15AAB382A23814E009EF222 /* Info.plist */ = {isa = PBXFileReference; lastKnownFileType = text.plist.xml; path = Info.plist; sourceTree = "<group>"; };
		E15AAB3E2A238354009EF222 /* CryptoTableViewCell.swift */ = {isa = PBXFileReference; lastKnownFileType = sourcecode.swift; path = CryptoTableViewCell.swift; sourceTree = "<group>"; };
		E15AAB452A238588009EF222 /* CryptoCurrency.swift */ = {isa = PBXFileReference; lastKnownFileType = sourcecode.swift; path = CryptoCurrency.swift; sourceTree = "<group>"; };
		E15AAB472A238A0C009EF222 /* Webservice.swift */ = {isa = PBXFileReference; lastKnownFileType = sourcecode.swift; path = Webservice.swift; sourceTree = "<group>"; };
		E1ADEF9E2A25FD6200A49DDF /* CryptoViewModel.swift */ = {isa = PBXFileReference; lastKnownFileType = sourcecode.swift; path = CryptoViewModel.swift; sourceTree = "<group>"; };
/* End PBXFileReference section */

/* Begin PBXFrameworksBuildPhase section */
		E15AAB242A23814D009EF222 /* Frameworks */ = {
			isa = PBXFrameworksBuildPhase;
			buildActionMask = 2147483647;
			files = (
			);
			runOnlyForDeploymentPostprocessing = 0;
		};
/* End PBXFrameworksBuildPhase section */

/* Begin PBXGroup section */
		E15AAB1E2A23814D009EF222 = {
			isa = PBXGroup;
			children = (
				E15AAB292A23814D009EF222 /* CryptoCrazyMVVM */,
				E15AAB282A23814D009EF222 /* Products */,
			);
			sourceTree = "<group>";
		};
		E15AAB282A23814D009EF222 /* Products */ = {
			isa = PBXGroup;
			children = (
				E15AAB272A23814D009EF222 /* CryptoCrazyMVVM.app */,
			);
			name = Products;
			sourceTree = "<group>";
		};
		E15AAB292A23814D009EF222 /* CryptoCrazyMVVM */ = {
			isa = PBXGroup;
			children = (
				E15AAB442A23853C009EF222 /* Service */,
				E15AAB432A2384EA009EF222 /* ViewModel */,
				E15AAB422A2384E3009EF222 /* Model */,
				E15AAB412A2384CF009EF222 /* Delegates */,
				E15AAB302A23814D009EF222 /* Main.storyboard */,
				E15AAB332A23814E009EF222 /* Assets.xcassets */,
				E15AAB352A23814E009EF222 /* LaunchScreen.storyboard */,
				E15AAB382A23814E009EF222 /* Info.plist */,
			);
			path = CryptoCrazyMVVM;
			sourceTree = "<group>";
		};
		E15AAB402A2384BE009EF222 /* ViewControllers */ = {
			isa = PBXGroup;
			children = (
				E15AAB2E2A23814D009EF222 /* ViewController.swift */,
				E15AAB3E2A238354009EF222 /* CryptoTableViewCell.swift */,
			);
			path = ViewControllers;
			sourceTree = "<group>";
		};
		E15AAB412A2384CF009EF222 /* Delegates */ = {
			isa = PBXGroup;
			children = (
				E15AAB2C2A23814D009EF222 /* SceneDelegate.swift */,
				E15AAB2A2A23814D009EF222 /* AppDelegate.swift */,
			);
			path = Delegates;
			sourceTree = "<group>";
		};
		E15AAB422A2384E3009EF222 /* Model */ = {
			isa = PBXGroup;
			children = (
				E15AAB452A238588009EF222 /* CryptoCurrency.swift */,
				E15AAB402A2384BE009EF222 /* ViewControllers */,
			);
			path = Model;
			sourceTree = "<group>";
		};
		E15AAB432A2384EA009EF222 /* ViewModel */ = {
			isa = PBXGroup;
			children = (
				E1ADEF9E2A25FD6200A49DDF /* CryptoViewModel.swift */,
			);
			path = ViewModel;
			sourceTree = "<group>";
		};
		E15AAB442A23853C009EF222 /* Service */ = {
			isa = PBXGroup;
			children = (
				E15AAB472A238A0C009EF222 /* Webservice.swift */,
			);
			path = Service;
			sourceTree = "<group>";
		};
/* End PBXGroup section */

/* Begin PBXNativeTarget section */
		E15AAB262A23814D009EF222 /* CryptoCrazyMVVM */ = {
			isa = PBXNativeTarget;
			buildConfigurationList = E15AAB3B2A23814E009EF222 /* Build configuration list for PBXNativeTarget "CryptoCrazyMVVM" */;
			buildPhases = (
				E15AAB232A23814D009EF222 /* Sources */,
				E15AAB242A23814D009EF222 /* Frameworks */,
				E15AAB252A23814D009EF222 /* Resources */,
			);
			buildRules = (
			);
			dependencies = (
			);
			name = CryptoCrazyMVVM;
			productName = CryptoCrazyMVVM;
			productReference = E15AAB272A23814D009EF222 /* CryptoCrazyMVVM.app */;
			productType = "com.apple.product-type.application";
		};
/* End PBXNativeTarget section */

/* Begin PBXProject section */
		E15AAB1F2A23814D009EF222 /* Project object */ = {
			isa = PBXProject;
			attributes = {
				BuildIndependentTargetsInParallel = 1;
				LastSwiftUpdateCheck = 1430;
				LastUpgradeCheck = 1430;
				TargetAttributes = {
					E15AAB262A23814D009EF222 = {
						CreatedOnToolsVersion = 14.3;
					};
				};
			};
			buildConfigurationList = E15AAB222A23814D009EF222 /* Build configuration list for PBXProject "CryptoCrazyMVVM" */;
			compatibilityVersion = "Xcode 14.0";
			developmentRegion = en;
			hasScannedForEncodings = 0;
			knownRegions = (
				en,
				Base,
			);
			mainGroup = E15AAB1E2A23814D009EF222;
			productRefGroup = E15AAB282A23814D009EF222 /* Products */;
			projectDirPath = "";
			projectRoot = "";
			targets = (
				E15AAB262A23814D009EF222 /* CryptoCrazyMVVM */,
			);
		};
/* End PBXProject section */

/* Begin PBXResourcesBuildPhase section */
		E15AAB252A23814D009EF222 /* Resources */ = {
			isa = PBXResourcesBuildPhase;
			buildActionMask = 2147483647;
			files = (
				E15AAB372A23814E009EF222 /* LaunchScreen.storyboard in Resources */,
				E15AAB342A23814E009EF222 /* Assets.xcassets in Resources */,
				E15AAB322A23814D009EF222 /* Main.storyboard in Resources */,
			);
			runOnlyForDeploymentPostprocessing = 0;
		};
/* End PBXResourcesBuildPhase section */

/* Begin PBXSourcesBuildPhase section */
		E15AAB232A23814D009EF222 /* Sources */ = {
			isa = PBXSourcesBuildPhase;
			buildActionMask = 2147483647;
			files = (
				E15AAB3F2A238354009EF222 /* CryptoTableViewCell.swift in Sources */,
				E15AAB2F2A23814D009EF222 /* ViewController.swift in Sources */,
				E15AAB482A238A0C009EF222 /* Webservice.swift in Sources */,
				E1ADEF9F2A25FD6200A49DDF /* CryptoViewModel.swift in Sources */,
				E15AAB2B2A23814D009EF222 /* AppDelegate.swift in Sources */,
				E15AAB462A238588009EF222 /* CryptoCurrency.swift in Sources */,
				E15AAB2D2A23814D009EF222 /* SceneDelegate.swift in Sources */,
			);
			runOnlyForDeploymentPostprocessing = 0;
		};
/* End PBXSourcesBuildPhase section */

/* Begin PBXVariantGroup section */
		E15AAB302A23814D009EF222 /* Main.storyboard */ = {
			isa = PBXVariantGroup;
			children = (
				E15AAB312A23814D009EF222 /* Base */,
			);
			name = Main.storyboard;
			sourceTree = "<group>";
		};
		E15AAB352A23814E009EF222 /* LaunchScreen.storyboard */ = {
			isa = PBXVariantGroup;
			children = (
				E15AAB362A23814E009EF222 /* Base */,
			);
			name = LaunchScreen.storyboard;
			sourceTree = "<group>";
		};
/* End PBXVariantGroup section */

/* Begin XCBuildConfiguration section */
		E15AAB392A23814E009EF222 /* Debug */ = {
			isa = XCBuildConfiguration;
			buildSettings = {
				ALWAYS_SEARCH_USER_PATHS = NO;
				CLANG_ANALYZER_NONNULL = YES;
				CLANG_ANALYZER_NUMBER_OBJECT_CONVERSION = YES_AGGRESSIVE;
				CLANG_CXX_LANGUAGE_STANDARD = "gnu++20";
				CLANG_ENABLE_MODULES = YES;
				CLANG_ENABLE_OBJC_ARC = YES;
				CLANG_ENABLE_OBJC_WEAK = YES;
				CLANG_WARN_BLOCK_CAPTURE_AUTORELEASING = YES;
				CLANG_WARN_BOOL_CONVERSION = YES;
				CLANG_WARN_COMMA = YES;
				CLANG_WARN_CONSTANT_CONVERSION = YES;
				CLANG_WARN_DEPRECATED_OBJC_IMPLEMENTATIONS = YES;
				CLANG_WARN_DIRECT_OBJC_ISA_USAGE = YES_ERROR;
				CLANG_WARN_DOCUMENTATION_COMMENTS = YES;
				CLANG_WARN_EMPTY_BODY = YES;
				CLANG_WARN_ENUM_CONVERSION = YES;
				CLANG_WARN_INFINITE_RECURSION = YES;
				CLANG_WARN_INT_CONVERSION = YES;
				CLANG_WARN_NON_LITERAL_NULL_CONVERSION = YES;
				CLANG_WARN_OBJC_IMPLICIT_RETAIN_SELF = YES;
				CLANG_WARN_OBJC_LITERAL_CONVERSION = YES;
				CLANG_WARN_OBJC_ROOT_CLASS = YES_ERROR;
				CLANG_WARN_QUOTED_INCLUDE_IN_FRAMEWORK_HEADER = YES;
				CLANG_WARN_RANGE_LOOP_ANALYSIS = YES;
				CLANG_WARN_STRICT_PROTOTYPES = YES;
				CLANG_WARN_SUSPICIOUS_MOVE = YES;
				CLANG_WARN_UNGUARDED_AVAILABILITY = YES_AGGRESSIVE;
				CLANG_WARN_UNREACHABLE_CODE = YES;
				CLANG_WARN__DUPLICATE_METHOD_MATCH = YES;
				COPY_PHASE_STRIP = NO;
				DEBUG_INFORMATION_FORMAT = dwarf;
				ENABLE_STRICT_OBJC_MSGSEND = YES;
				ENABLE_TESTABILITY = YES;
				GCC_C_LANGUAGE_STANDARD = gnu11;
				GCC_DYNAMIC_NO_PIC = NO;
				GCC_NO_COMMON_BLOCKS = YES;
				GCC_OPTIMIZATION_LEVEL = 0;
				GCC_PREPROCESSOR_DEFINITIONS = (
					"DEBUG=1",
					"$(inherited)",
				);
				GCC_WARN_64_TO_32_BIT_CONVERSION = YES;
				GCC_WARN_ABOUT_RETURN_TYPE = YES_ERROR;
				GCC_WARN_UNDECLARED_SELECTOR = YES;
				GCC_WARN_UNINITIALIZED_AUTOS = YES_AGGRESSIVE;
				GCC_WARN_UNUSED_FUNCTION = YES;
				GCC_WARN_UNUSED_VARIABLE = YES;
				IPHONEOS_DEPLOYMENT_TARGET = 16.4;
				MTL_ENABLE_DEBUG_INFO = INCLUDE_SOURCE;
				MTL_FAST_MATH = YES;
				ONLY_ACTIVE_ARCH = YES;
				SDKROOT = iphoneos;
				SWIFT_ACTIVE_COMPILATION_CONDITIONS = DEBUG;
				SWIFT_OPTIMIZATION_LEVEL = "-Onone";
			};
			name = Debug;
		};
		E15AAB3A2A23814E009EF222 /* Release */ = {
			isa = XCBuildConfiguration;
			buildSettings = {
				ALWAYS_SEARCH_USER_PATHS = NO;
				CLANG_ANALYZER_NONNULL = YES;
				CLANG_ANALYZER_NUMBER_OBJECT_CONVERSION = YES_AGGRESSIVE;
				CLANG_CXX_LANGUAGE_STANDARD = "gnu++20";
				CLANG_ENABLE_MODULES = YES;
				CLANG_ENABLE_OBJC_ARC = YES;
				CLANG_ENABLE_OBJC_WEAK = YES;
				CLANG_WARN_BLOCK_CAPTURE_AUTORELEASING = YES;
				CLANG_WARN_BOOL_CONVERSION = YES;
				CLANG_WARN_COMMA = YES;
				CLANG_WARN_CONSTANT_CONVERSION = YES;
				CLANG_WARN_DEPRECATED_OBJC_IMPLEMENTATIONS = YES;
				CLANG_WARN_DIRECT_OBJC_ISA_USAGE = YES_ERROR;
				CLANG_WARN_DOCUMENTATION_COMMENTS = YES;
				CLANG_WARN_EMPTY_BODY = YES;
				CLANG_WARN_ENUM_CONVERSION = YES;
				CLANG_WARN_INFINITE_RECURSION = YES;
				CLANG_WARN_INT_CONVERSION = YES;
				CLANG_WARN_NON_LITERAL_NULL_CONVERSION = YES;
				CLANG_WARN_OBJC_IMPLICIT_RETAIN_SELF = YES;
				CLANG_WARN_OBJC_LITERAL_CONVERSION = YES;
				CLANG_WARN_OBJC_ROOT_CLASS = YES_ERROR;
				CLANG_WARN_QUOTED_INCLUDE_IN_FRAMEWORK_HEADER = YES;
				CLANG_WARN_RANGE_LOOP_ANALYSIS = YES;
				CLANG_WARN_STRICT_PROTOTYPES = YES;
				CLANG_WARN_SUSPICIOUS_MOVE = YES;
				CLANG_WARN_UNGUARDED_AVAILABILITY = YES_AGGRESSIVE;
				CLANG_WARN_UNREACHABLE_CODE = YES;
				CLANG_WARN__DUPLICATE_METHOD_MATCH = YES;
				COPY_PHASE_STRIP = NO;
				DEBUG_INFORMATION_FORMAT = "dwarf-with-dsym";
				ENABLE_NS_ASSERTIONS = NO;
				ENABLE_STRICT_OBJC_MSGSEND = YES;
				GCC_C_LANGUAGE_STANDARD = gnu11;
				GCC_NO_COMMON_BLOCKS = YES;
				GCC_WARN_64_TO_32_BIT_CONVERSION = YES;
				GCC_WARN_ABOUT_RETURN_TYPE = YES_ERROR;
				GCC_WARN_UNDECLARED_SELECTOR = YES;
				GCC_WARN_UNINITIALIZED_AUTOS = YES_AGGRESSIVE;
				GCC_WARN_UNUSED_FUNCTION = YES;
				GCC_WARN_UNUSED_VARIABLE = YES;
				IPHONEOS_DEPLOYMENT_TARGET = 16.4;
				MTL_ENABLE_DEBUG_INFO = NO;
				MTL_FAST_MATH = YES;
				SDKROOT = iphoneos;
				SWIFT_COMPILATION_MODE = wholemodule;
				SWIFT_OPTIMIZATION_LEVEL = "-O";
				VALIDATE_PRODUCT = YES;
			};
			name = Release;
		};
		E15AAB3C2A23814E009EF222 /* Debug */ = {
			isa = XCBuildConfiguration;
			buildSettings = {
				ASSETCATALOG_COMPILER_APPICON_NAME = AppIcon;
				ASSETCATALOG_COMPILER_GLOBAL_ACCENT_COLOR_NAME = AccentColor;
				CODE_SIGN_STYLE = Automatic;
				CURRENT_PROJECT_VERSION = 1;
				DEVELOPMENT_TEAM = 5U3H44JGNP;
				GENERATE_INFOPLIST_FILE = YES;
				INFOPLIST_FILE = CryptoCrazyMVVM/Info.plist;
				INFOPLIST_KEY_UIApplicationSupportsIndirectInputEvents = YES;
				INFOPLIST_KEY_UILaunchStoryboardName = LaunchScreen;
				INFOPLIST_KEY_UIMainStoryboardFile = Main;
				INFOPLIST_KEY_UISupportedInterfaceOrientations_iPad = "UIInterfaceOrientationPortrait UIInterfaceOrientationPortraitUpsideDown UIInterfaceOrientationLandscapeLeft UIInterfaceOrientationLandscapeRight";
				INFOPLIST_KEY_UISupportedInterfaceOrientations_iPhone = "UIInterfaceOrientationPortrait UIInterfaceOrientationLandscapeLeft UIInterfaceOrientationLandscapeRight";
				LD_RUNPATH_SEARCH_PATHS = (
					"$(inherited)",
					"@executable_path/Frameworks",
				);
				MARKETING_VERSION = 1.0;
				PRODUCT_BUNDLE_IDENTIFIER = com.altankoray.CryptoCrazyMVVM;
				PRODUCT_NAME = "$(TARGET_NAME)";
				SWIFT_EMIT_LOC_STRINGS = YES;
				SWIFT_VERSION = 5.0;
				TARGETED_DEVICE_FAMILY = "1,2";
			};
			name = Debug;
		};
		E15AAB3D2A23814E009EF222 /* Release */ = {
			isa = XCBuildConfiguration;
			buildSettings = {
				ASSETCATALOG_COMPILER_APPICON_NAME = AppIcon;
				ASSETCATALOG_COMPILER_GLOBAL_ACCENT_COLOR_NAME = AccentColor;
				CODE_SIGN_STYLE = Automatic;
				CURRENT_PROJECT_VERSION = 1;
				DEVELOPMENT_TEAM = 5U3H44JGNP;
				GENERATE_INFOPLIST_FILE = YES;
				INFOPLIST_FILE = CryptoCrazyMVVM/Info.plist;
				INFOPLIST_KEY_UIApplicationSupportsIndirectInputEvents = YES;
				INFOPLIST_KEY_UILaunchStoryboardName = LaunchScreen;
				INFOPLIST_KEY_UIMainStoryboardFile = Main;
				INFOPLIST_KEY_UISupportedInterfaceOrientations_iPad = "UIInterfaceOrientationPortrait UIInterfaceOrientationPortraitUpsideDown UIInterfaceOrientationLandscapeLeft UIInterfaceOrientationLandscapeRight";
				INFOPLIST_KEY_UISupportedInterfaceOrientations_iPhone = "UIInterfaceOrientationPortrait UIInterfaceOrientationLandscapeLeft UIInterfaceOrientationLandscapeRight";
				LD_RUNPATH_SEARCH_PATHS = (
					"$(inherited)",
					"@executable_path/Frameworks",
				);
				MARKETING_VERSION = 1.0;
				PRODUCT_BUNDLE_IDENTIFIER = com.altankoray.CryptoCrazyMVVM;
				PRODUCT_NAME = "$(TARGET_NAME)";
				SWIFT_EMIT_LOC_STRINGS = YES;
				SWIFT_VERSION = 5.0;
				TARGETED_DEVICE_FAMILY = "1,2";
			};
			name = Release;
		};
/* End XCBuildConfiguration section */

/* Begin XCConfigurationList section */
		E15AAB222A23814D009EF222 /* Build configuration list for PBXProject "CryptoCrazyMVVM" */ = {
			isa = XCConfigurationList;
			buildConfigurations = (
				E15AAB392A23814E009EF222 /* Debug */,
				E15AAB3A2A23814E009EF222 /* Release */,
			);
			defaultConfigurationIsVisible = 0;
			defaultConfigurationName = Release;
		};
		E15AAB3B2A23814E009EF222 /* Build configuration list for PBXNativeTarget "CryptoCrazyMVVM" */ = {
			isa = XCConfigurationList;
			buildConfigurations = (
				E15AAB3C2A23814E009EF222 /* Debug */,
				E15AAB3D2A23814E009EF222 /* Release */,
			);
			defaultConfigurationIsVisible = 0;
			defaultConfigurationName = Release;
		};
/* End XCConfigurationList section */
	};
	rootObject = E15AAB1F2A23814D009EF222 /* Project object */;
}
